// !$*UTF8*$!
{
	archiveVersion = 1;
	classes = {
	};
	objectVersion = 50;
	objects = {

/* Begin PBXBuildFile section */
		22AF2429265B4FDF001FA691 /* AppDelegate.swift in Sources */ = {isa = PBXBuildFile; fileRef = 22AF2428265B4FDF001FA691 /* AppDelegate.swift */; };
		22AF242B265B4FDF001FA691 /* SceneDelegate.swift in Sources */ = {isa = PBXBuildFile; fileRef = 22AF242A265B4FDF001FA691 /* SceneDelegate.swift */; };
		22AF242D265B4FDF001FA691 /* ProblemViewController.swift in Sources */ = {isa = PBXBuildFile; fileRef = 22AF242C265B4FDF001FA691 /* ProblemViewController.swift */; };
		22AF2432265B4FE5001FA691 /* Assets.xcassets in Resources */ = {isa = PBXBuildFile; fileRef = 22AF2431265B4FE5001FA691 /* Assets.xcassets */; };
		22AF2435265B4FE5001FA691 /* LaunchScreen.storyboard in Resources */ = {isa = PBXBuildFile; fileRef = 22AF2433265B4FE5001FA691 /* LaunchScreen.storyboard */; };
		22E42874265B50EF00A00CBB /* ProblemsTableViewController.swift in Sources */ = {isa = PBXBuildFile; fileRef = 22E42873265B50EF00A00CBB /* ProblemsTableViewController.swift */; };
		22E42876265B52A400A00CBB /* ProblemFormViewController.swift in Sources */ = {isa = PBXBuildFile; fileRef = 22E42875265B52A400A00CBB /* ProblemFormViewController.swift */; };
		22EE9807265B5332008ED39E /* Main.storyboard in Resources */ = {isa = PBXBuildFile; fileRef = 22EE9805265B5332008ED39E /* Main.storyboard */; };
		2D6DEE4E26E40D6600AD88E0 /* Problemas.xcdatamodeld in Sources */ = {isa = PBXBuildFile; fileRef = 2D6DEE4C26E40D6600AD88E0 /* Problemas.xcdatamodeld */; };
		2DC5D6CF26E455B30058E3B3 /* UIViewController+Context.swift in Sources */ = {isa = PBXBuildFile; fileRef = 2DC5D6CE26E455B30058E3B3 /* UIViewController+Context.swift */; };
		2DC5D6D326E45EDF0058E3B3 /* ProblemTableViewCell.swift in Sources */ = {isa = PBXBuildFile; fileRef = 2DC5D6D226E45EDF0058E3B3 /* ProblemTableViewCell.swift */; };
/* End PBXBuildFile section */

/* Begin PBXFileReference section */
		22AF2425265B4FDF001FA691 /* Problemas.app */ = {isa = PBXFileReference; explicitFileType = wrapper.application; includeInIndex = 0; name = Problemas.app; path = "/Users/user203358/Downloads/Problemas/build/Debug-iphoneos/Problemas.app"; sourceTree = "<absolute>"; };
		22AF2428265B4FDF001FA691 /* AppDelegate.swift */ = {isa = PBXFileReference; lastKnownFileType = sourcecode.swift; path = AppDelegate.swift; sourceTree = "<group>"; };
		22AF242A265B4FDF001FA691 /* SceneDelegate.swift */ = {isa = PBXFileReference; lastKnownFileType = sourcecode.swift; path = SceneDelegate.swift; sourceTree = "<group>"; };
		22AF242C265B4FDF001FA691 /* ProblemViewController.swift */ = {isa = PBXFileReference; lastKnownFileType = sourcecode.swift; path = ProblemViewController.swift; sourceTree = "<group>"; };
		22AF2431265B4FE5001FA691 /* Assets.xcassets */ = {isa = PBXFileReference; lastKnownFileType = folder.assetcatalog; path = Assets.xcassets; sourceTree = "<group>"; };
		22AF2434265B4FE5001FA691 /* Base */ = {isa = PBXFileReference; lastKnownFileType = file.storyboard; name = Base; path = Base.lproj/LaunchScreen.storyboard; sourceTree = "<group>"; };
		22AF2436265B4FE5001FA691 /* Info.plist */ = {isa = PBXFileReference; lastKnownFileType = text.plist.xml; path = Info.plist; sourceTree = "<group>"; };
		22E42873265B50EF00A00CBB /* ProblemsTableViewController.swift */ = {isa = PBXFileReference; lastKnownFileType = sourcecode.swift; path = ProblemsTableViewController.swift; sourceTree = "<group>"; };
		22E42875265B52A400A00CBB /* ProblemFormViewController.swift */ = {isa = PBXFileReference; lastKnownFileType = sourcecode.swift; path = ProblemFormViewController.swift; sourceTree = "<group>"; };
		22EE9806265B5332008ED39E /* Base */ = {isa = PBXFileReference; lastKnownFileType = file.storyboard; name = Base; path = Base.lproj/Main.storyboard; sourceTree = "<group>"; };
		2D6DEE4D26E40D6600AD88E0 /* Problemas.xcdatamodel */ = {isa = PBXFileReference; lastKnownFileType = wrapper.xcdatamodel; path = Problemas.xcdatamodel; sourceTree = "<group>"; };
		2DC5D6CE26E455B30058E3B3 /* UIViewController+Context.swift */ = {isa = PBXFileReference; lastKnownFileType = sourcecode.swift; path = "UIViewController+Context.swift"; sourceTree = "<group>"; };
		2DC5D6D226E45EDF0058E3B3 /* ProblemTableViewCell.swift */ = {isa = PBXFileReference; lastKnownFileType = sourcecode.swift; path = ProblemTableViewCell.swift; sourceTree = "<group>"; };
/* End PBXFileReference section */

/* Begin PBXFrameworksBuildPhase section */
		22AF2422265B4FDF001FA691 /* Frameworks */ = {
			isa = PBXFrameworksBuildPhase;
			buildActionMask = 2147483647;
			files = (
			);
			runOnlyForDeploymentPostprocessing = 0;
		};
/* End PBXFrameworksBuildPhase section */

/* Begin PBXGroup section */
		22AF241C265B4FDF001FA691 = {
			isa = PBXGroup;
			children = (
				22AF2427265B4FDF001FA691 /* Problemas */,
			);
			sourceTree = "<group>";
		};
		22AF2427265B4FDF001FA691 /* Problemas */ = {
			isa = PBXGroup;
			children = (
				22AF2428265B4FDF001FA691 /* AppDelegate.swift */,
				22AF242A265B4FDF001FA691 /* SceneDelegate.swift */,
				2D6DEE5126E4153700AD88E0 /* Files */,
				22AF242C265B4FDF001FA691 /* ProblemViewController.swift */,
				22E42873265B50EF00A00CBB /* ProblemsTableViewController.swift */,
				22E42875265B52A400A00CBB /* ProblemFormViewController.swift */,
				22EE9805265B5332008ED39E /* Main.storyboard */,
				22AF2431265B4FE5001FA691 /* Assets.xcassets */,
				22AF2433265B4FE5001FA691 /* LaunchScreen.storyboard */,
				22AF2436265B4FE5001FA691 /* Info.plist */,
				2D6DEE4C26E40D6600AD88E0 /* Problemas.xcdatamodeld */,
				2DC5D6CE26E455B30058E3B3 /* UIViewController+Context.swift */,
			);
			path = Problemas;
			sourceTree = "<group>";
		};
		2D6DEE5126E4153700AD88E0 /* Files */ = {
			isa = PBXGroup;
			children = (
				2DC5D6D226E45EDF0058E3B3 /* ProblemTableViewCell.swift */,
			);
			path = Files;
			sourceTree = "<group>";
		};
/* End PBXGroup section */

/* Begin PBXNativeTarget section */
		22AF2424265B4FDF001FA691 /* Problemas */ = {
			isa = PBXNativeTarget;
			buildConfigurationList = 22AF2439265B4FE5001FA691 /* Build configuration list for PBXNativeTarget "Problemas" */;
			buildPhases = (
				22AF2421265B4FDF001FA691 /* Sources */,
				22AF2422265B4FDF001FA691 /* Frameworks */,
				22AF2423265B4FDF001FA691 /* Resources */,
			);
			buildRules = (
			);
			dependencies = (
			);
			name = Problemas;
			productName = Problemas;
			productReference = 22AF2425265B4FDF001FA691 /* Problemas.app */;
			productType = "com.apple.product-type.application";
		};
/* End PBXNativeTarget section */

/* Begin PBXProject section */
		22AF241D265B4FDF001FA691 /* Project object */ = {
			isa = PBXProject;
			attributes = {
				LastSwiftUpdateCheck = 1250;
				LastUpgradeCheck = 1250;
				TargetAttributes = {
					22AF2424265B4FDF001FA691 = {
						CreatedOnToolsVersion = 12.5;
					};
				};
			};
			buildConfigurationList = 22AF2420265B4FDF001FA691 /* Build configuration list for PBXProject "Problemas" */;
			compatibilityVersion = "Xcode 9.3";
			developmentRegion = en;
			hasScannedForEncodings = 0;
			knownRegions = (
				en,
				Base,
			);
			mainGroup = 22AF241C265B4FDF001FA691;
			productRefGroup = 22AF241C265B4FDF001FA691;
			projectDirPath = "";
			projectRoot = "";
			targets = (
				22AF2424265B4FDF001FA691 /* Problemas */,
			);
		};
/* End PBXProject section */

/* Begin PBXResourcesBuildPhase section */
		22AF2423265B4FDF001FA691 /* Resources */ = {
			isa = PBXResourcesBuildPhase;
			buildActionMask = 2147483647;
			files = (
				22EE9807265B5332008ED39E /* Main.storyboard in Resources */,
				22AF2435265B4FE5001FA691 /* LaunchScreen.storyboard in Resources */,
				22AF2432265B4FE5001FA691 /* Assets.xcassets in Resources */,
			);
			runOnlyForDeploymentPostprocessing = 0;
		};
/* End PBXResourcesBuildPhase section */

/* Begin PBXSourcesBuildPhase section */
		22AF2421265B4FDF001FA691 /* Sources */ = {
			isa = PBXSourcesBuildPhase;
			buildActionMask = 2147483647;
			files = (
				22E42874265B50EF00A00CBB /* ProblemsTableViewController.swift in Sources */,
				2DC5D6D326E45EDF0058E3B3 /* ProblemTableViewCell.swift in Sources */,
				22AF242D265B4FDF001FA691 /* ProblemViewController.swift in Sources */,
				22E42876265B52A400A00CBB /* ProblemFormViewController.swift in Sources */,
				2DC5D6CF26E455B30058E3B3 /* UIViewController+Context.swift in Sources */,
				2D6DEE4E26E40D6600AD88E0 /* Problemas.xcdatamodeld in Sources */,
				22AF2429265B4FDF001FA691 /* AppDelegate.swift in Sources */,
				22AF242B265B4FDF001FA691 /* SceneDelegate.swift in Sources */,
			);
			runOnlyForDeploymentPostprocessing = 0;
		};
/* End PBXSourcesBuildPhase section */

/* Begin PBXVariantGroup section */
		22AF2433265B4FE5001FA691 /* LaunchScreen.storyboard */ = {
			isa = PBXVariantGroup;
			children = (
				22AF2434265B4FE5001FA691 /* Base */,
			);
			name = LaunchScreen.storyboard;
			sourceTree = "<group>";
		};
		22EE9805265B5332008ED39E /* Main.storyboard */ = {
			isa = PBXVariantGroup;
			children = (
				22EE9806265B5332008ED39E /* Base */,
			);
			name = Main.storyboard;
			sourceTree = "<group>";
		};
/* End PBXVariantGroup section */

/* Begin XCBuildConfiguration section */
		22AF2437265B4FE5001FA691 /* Debug */ = {
			isa = XCBuildConfiguration;
			buildSettings = {
				ALWAYS_SEARCH_USER_PATHS = NO;
				CLANG_ANALYZER_NONNULL = YES;
				CLANG_ANALYZER_NUMBER_OBJECT_CONVERSION = YES_AGGRESSIVE;
				CLANG_CXX_LANGUAGE_STANDARD = "gnu++14";
				CLANG_CXX_LIBRARY = "libc++";
				CLANG_ENABLE_MODULES = YES;
				CLANG_ENABLE_OBJC_ARC = YES;
				CLANG_ENABLE_OBJC_WEAK = YES;
				CLANG_WARN_BLOCK_CAPTURE_AUTORELEASING = YES;
				CLANG_WARN_BOOL_CONVERSION = YES;
				CLANG_WARN_COMMA = YES;
				CLANG_WARN_CONSTANT_CONVERSION = YES;
				CLANG_WARN_DEPRECATED_OBJC_IMPLEMENTATIONS = YES;
				CLANG_WARN_DIRECT_OBJC_ISA_USAGE = YES_ERROR;
				CLANG_WARN_DOCUMENTATION_COMMENTS = YES;
				CLANG_WARN_EMPTY_BODY = YES;
				CLANG_WARN_ENUM_CONVERSION = YES;
				CLANG_WARN_INFINITE_RECURSION = YES;
				CLANG_WARN_INT_CONVERSION = YES;
				CLANG_WARN_NON_LITERAL_NULL_CONVERSION = YES;
				CLANG_WARN_OBJC_IMPLICIT_RETAIN_SELF = YES;
				CLANG_WARN_OBJC_LITERAL_CONVERSION = YES;
				CLANG_WARN_OBJC_ROOT_CLASS = YES_ERROR;
				CLANG_WARN_QUOTED_INCLUDE_IN_FRAMEWORK_HEADER = YES;
				CLANG_WARN_RANGE_LOOP_ANALYSIS = YES;
				CLANG_WARN_STRICT_PROTOTYPES = YES;
				CLANG_WARN_SUSPICIOUS_MOVE = YES;
				CLANG_WARN_UNGUARDED_AVAILABILITY = YES_AGGRESSIVE;
				CLANG_WARN_UNREACHABLE_CODE = YES;
				CLANG_WARN__DUPLICATE_METHOD_MATCH = YES;
				COPY_PHASE_STRIP = NO;
				DEBUG_INFORMATION_FORMAT = dwarf;
				ENABLE_STRICT_OBJC_MSGSEND = YES;
				ENABLE_TESTABILITY = YES;
				GCC_C_LANGUAGE_STANDARD = gnu11;
				GCC_DYNAMIC_NO_PIC = NO;
				GCC_NO_COMMON_BLOCKS = YES;
				GCC_OPTIMIZATION_LEVEL = 0;
				GCC_PREPROCESSOR_DEFINITIONS = (
					"DEBUG=1",
					"$(inherited)",
				);
				GCC_WARN_64_TO_32_BIT_CONVERSION = YES;
				GCC_WARN_ABOUT_RETURN_TYPE = YES_ERROR;
				GCC_WARN_UNDECLARED_SELECTOR = YES;
				GCC_WARN_UNINITIALIZED_AUTOS = YES_AGGRESSIVE;
				GCC_WARN_UNUSED_FUNCTION = YES;
				GCC_WARN_UNUSED_VARIABLE = YES;
				IPHONEOS_DEPLOYMENT_TARGET = 14.5;
				MTL_ENABLE_DEBUG_INFO = INCLUDE_SOURCE;
				MTL_FAST_MATH = YES;
				ONLY_ACTIVE_ARCH = YES;
				SDKROOT = iphoneos;
				SWIFT_ACTIVE_COMPILATION_CONDITIONS = DEBUG;
				SWIFT_OPTIMIZATION_LEVEL = "-Onone";
			};
			name = Debug;
		};
		22AF2438265B4FE5001FA691 /* Release */ = {
			isa = XCBuildConfiguration;
			buildSettings = {
				ALWAYS_SEARCH_USER_PATHS = NO;
				CLANG_ANALYZER_NONNULL = YES;
				CLANG_ANALYZER_NUMBER_OBJECT_CONVERSION = YES_AGGRESSIVE;
				CLANG_CXX_LANGUAGE_STANDARD = "gnu++14";
				CLANG_CXX_LIBRARY = "libc++";
				CLANG_ENABLE_MODULES = YES;
				CLANG_ENABLE_OBJC_ARC = YES;
				CLANG_ENABLE_OBJC_WEAK = YES;
				CLANG_WARN_BLOCK_CAPTURE_AUTORELEASING = YES;
				CLANG_WARN_BOOL_CONVERSION = YES;
				CLANG_WARN_COMMA = YES;
				CLANG_WARN_CONSTANT_CONVERSION = YES;
				CLANG_WARN_DEPRECATED_OBJC_IMPLEMENTATIONS = YES;
				CLANG_WARN_DIRECT_OBJC_ISA_USAGE = YES_ERROR;
				CLANG_WARN_DOCUMENTATION_COMMENTS = YES;
				CLANG_WARN_EMPTY_BODY = YES;
				CLANG_WARN_ENUM_CONVERSION = YES;
				CLANG_WARN_INFINITE_RECURSION = YES;
				CLANG_WARN_INT_CONVERSION = YES;
				CLANG_WARN_NON_LITERAL_NULL_CONVERSION = YES;
				CLANG_WARN_OBJC_IMPLICIT_RETAIN_SELF = YES;
				CLANG_WARN_OBJC_LITERAL_CONVERSION = YES;
				CLANG_WARN_OBJC_ROOT_CLASS = YES_ERROR;
				CLANG_WARN_QUOTED_INCLUDE_IN_FRAMEWORK_HEADER = YES;
				CLANG_WARN_RANGE_LOOP_ANALYSIS = YES;
				CLANG_WARN_STRICT_PROTOTYPES = YES;
				CLANG_WARN_SUSPICIOUS_MOVE = YES;
				CLANG_WARN_UNGUARDED_AVAILABILITY = YES_AGGRESSIVE;
				CLANG_WARN_UNREACHABLE_CODE = YES;
				CLANG_WARN__DUPLICATE_METHOD_MATCH = YES;
				COPY_PHASE_STRIP = NO;
				DEBUG_INFORMATION_FORMAT = "dwarf-with-dsym";
				ENABLE_NS_ASSERTIONS = NO;
				ENABLE_STRICT_OBJC_MSGSEND = YES;
				GCC_C_LANGUAGE_STANDARD = gnu11;
				GCC_NO_COMMON_BLOCKS = YES;
				GCC_WARN_64_TO_32_BIT_CONVERSION = YES;
				GCC_WARN_ABOUT_RETURN_TYPE = YES_ERROR;
				GCC_WARN_UNDECLARED_SELECTOR = YES;
				GCC_WARN_UNINITIALIZED_AUTOS = YES_AGGRESSIVE;
				GCC_WARN_UNUSED_FUNCTION = YES;
				GCC_WARN_UNUSED_VARIABLE = YES;
				IPHONEOS_DEPLOYMENT_TARGET = 14.5;
				MTL_ENABLE_DEBUG_INFO = NO;
				MTL_FAST_MATH = YES;
				SDKROOT = iphoneos;
				SWIFT_COMPILATION_MODE = wholemodule;
				SWIFT_OPTIMIZATION_LEVEL = "-O";
				VALIDATE_PRODUCT = YES;
			};
			name = Release;
		};
		22AF243A265B4FE5001FA691 /* Debug */ = {
			isa = XCBuildConfiguration;
			buildSettings = {
				ASSETCATALOG_COMPILER_APPICON_NAME = AppIcon;
				ASSETCATALOG_COMPILER_GLOBAL_ACCENT_COLOR_NAME = AccentColor;
				CODE_SIGN_IDENTITY = "Apple Development";
				CODE_SIGN_STYLE = Automatic;
				DEVELOPMENT_TEAM = "";
				INFOPLIST_FILE = Problemas/Info.plist;
				LD_RUNPATH_SEARCH_PATHS = (
					"$(inherited)",
					"@executable_path/Frameworks",
				);
				PRODUCT_BUNDLE_IDENTIFIER = br.edu.unyleya.Problemas;
				PRODUCT_NAME = "$(TARGET_NAME)";
				PROVISIONING_PROFILE_SPECIFIER = "";
				SWIFT_VERSION = 5.0;
				TARGETED_DEVICE_FAMILY = 1;
			};
			name = Debug;
		};
		22AF243B265B4FE5001FA691 /* Release */ = {
			isa = XCBuildConfiguration;
			buildSettings = {
				ASSETCATALOG_COMPILER_APPICON_NAME = AppIcon;
				ASSETCATALOG_COMPILER_GLOBAL_ACCENT_COLOR_NAME = AccentColor;
				CODE_SIGN_IDENTITY = "Apple Development";
				CODE_SIGN_STYLE = Automatic;
				DEVELOPMENT_TEAM = "";
				INFOPLIST_FILE = Problemas/Info.plist;
				LD_RUNPATH_SEARCH_PATHS = (
					"$(inherited)",
					"@executable_path/Frameworks",
				);
				PRODUCT_BUNDLE_IDENTIFIER = br.edu.unyleya.Problemas;
				PRODUCT_NAME = "$(TARGET_NAME)";
				PROVISIONING_PROFILE_SPECIFIER = "";
				SWIFT_VERSION = 5.0;
				TARGETED_DEVICE_FAMILY = 1;
			};
			name = Release;
		};
/* End XCBuildConfiguration section */

/* Begin XCConfigurationList section */
		22AF2420265B4FDF001FA691 /* Build configuration list for PBXProject "Problemas" */ = {
			isa = XCConfigurationList;
			buildConfigurations = (
				22AF2437265B4FE5001FA691 /* Debug */,
				22AF2438265B4FE5001FA691 /* Release */,
			);
			defaultConfigurationIsVisible = 0;
			defaultConfigurationName = Release;
		};
		22AF2439265B4FE5001FA691 /* Build configuration list for PBXNativeTarget "Problemas" */ = {
			isa = XCConfigurationList;
			buildConfigurations = (
				22AF243A265B4FE5001FA691 /* Debug */,
				22AF243B265B4FE5001FA691 /* Release */,
			);
			defaultConfigurationIsVisible = 0;
			defaultConfigurationName = Release;
		};
/* End XCConfigurationList section */

/* Begin XCVersionGroup section */
		2D6DEE4C26E40D6600AD88E0 /* Problemas.xcdatamodeld */ = {
			isa = XCVersionGroup;
			children = (
				2D6DEE4D26E40D6600AD88E0 /* Problemas.xcdatamodel */,
			);
			currentVersion = 2D6DEE4D26E40D6600AD88E0 /* Problemas.xcdatamodel */;
			path = Problemas.xcdatamodeld;
			sourceTree = "<group>";
			versionGroupType = wrapper.xcdatamodel;
		};
/* End XCVersionGroup section */
	};
	rootObject = 22AF241D265B4FDF001FA691 /* Project object */;
}
